
Microsoft Visual Studio Solution File, Format Version 12.00
# Visual Studio Version 16
VisualStudioVersion = 16.0.29020.237
MinimumVisualStudioVersion = 10.0.40219.1
Project("{FAE04EC0-301F-11D3-BF4B-00C04F79EFBC}") = "CreditCardRealTimeDeposit", "CreditCardRealTimeDeposit\CreditCardRealTimeDeposit.csproj", "{F8EC18BE-60A7-426D-89F4-E2D00932E029}"
EndProject
Global
	GlobalSection(SolutionConfigurationPlatforms) = preSolution
		Debug|Any CPU = Debug|Any CPU
		Release|Any CPU = Release|Any CPU
	EndGlobalSection
	GlobalSection(ProjectConfigurationPlatforms) = postSolution
		{F8EC18BE-60A7-426D-89F4-E2D00932E029}.Debug|Any CPU.ActiveCfg = Debug|Any CPU
		{F8EC18BE-60A7-426D-89F4-E2D00932E029}.Debug|Any CPU.Build.0 = Debug|Any CPU
		{F8EC18BE-60A7-426D-89F4-E2D00932E029}.Release|Any CPU.ActiveCfg = Release|Any CPU
		{F8EC18BE-60A7-426D-89F4-E2D00932E029}.Release|Any CPU.Build.0 = Release|Any CPU
	EndGlobalSection
	GlobalSection(SolutionProperties) = preSolution
		HideSolutionNode = FALSE
	EndGlobalSection
	GlobalSection(ExtensibilityGlobals) = postSolution
		SolutionGuid = {00171F44-71F8-42A9-9261-2C7A5C97C862}
	EndGlobalSection
EndGlobal
